{
  "requires": true,
  "lockfileVersion": 1,
  "dependencies": {
    "react-notifications-component": {
      "version": "3.1.0",
      "resolved": "https://registry.npmjs.org/react-notifications-component/-/react-notifications-component-3.1.0.tgz",
      "integrity": "sha512-qq+zgqVIa2zhlw+RvO2QSPk7xHLvZWTHl9VKRO56sMUef/UrcUTqOswL0DSJtRIpZYZhclquQUfDxD6H2w8aWA=="
    }
  }
}
